
Microsoft Visual Studio Solution File, Format Version 12.00
# Visual Studio Version 16
VisualStudioVersion = 16.0.29926.136
MinimumVisualStudioVersion = 10.0.40219.1
Project("{9A19103F-16F7-4668-BE54-9A1E7A4F7556}") = "MicroORM", "MicroORM.csproj", "{8B34B833-33E5-40BA-BACF-185E75887905}"
EndProject
Project("{9A19103F-16F7-4668-BE54-9A1E7A4F7556}") = "MicroORM.Samples", "..\MicroORM.Samples\MicroORM.Samples.csproj", "{682BAA37-0DF4-472A-B98B-A2BD220F2F08}"
EndProject
Project("{E53339B2-1760-4266-BCC7-CA923CBCF16C}") = "docker-compose", "docker-compose.dcproj", "{EF472CCF-33EE-42CC-8107-7B4389E837EF}"
EndProject
Project("{2150E333-8FDC-42A3-9474-1A3956D46DE8}") = "InitializeDB", "InitializeDB", "{93969399-6EC8-49A6-AFC4-D88CDE04CB8A}"
	ProjectSection(SolutionItems) = preProject
		..\InitializeDB\Dockerfile = ..\InitializeDB\Dockerfile
		..\InitializeDB\V1__Migrations.sql = ..\InitializeDB\V1__Migrations.sql
		..\InitializeDB\V2__Migrations.sql = ..\InitializeDB\V2__Migrations.sql
	EndProjectSection
EndProject
Global
	GlobalSection(SolutionConfigurationPlatforms) = preSolution
		Debug|Any CPU = Debug|Any CPU
		Release|Any CPU = Release|Any CPU
	EndGlobalSection
	GlobalSection(ProjectConfigurationPlatforms) = postSolution
		{8B34B833-33E5-40BA-BACF-185E75887905}.Debug|Any CPU.ActiveCfg = Debug|Any CPU
		{8B34B833-33E5-40BA-BACF-185E75887905}.Debug|Any CPU.Build.0 = Debug|Any CPU
		{8B34B833-33E5-40BA-BACF-185E75887905}.Release|Any CPU.ActiveCfg = Release|Any CPU
		{8B34B833-33E5-40BA-BACF-185E75887905}.Release|Any CPU.Build.0 = Release|Any CPU
		{682BAA37-0DF4-472A-B98B-A2BD220F2F08}.Debug|Any CPU.ActiveCfg = Debug|Any CPU
		{682BAA37-0DF4-472A-B98B-A2BD220F2F08}.Debug|Any CPU.Build.0 = Debug|Any CPU
		{682BAA37-0DF4-472A-B98B-A2BD220F2F08}.Release|Any CPU.ActiveCfg = Release|Any CPU
		{682BAA37-0DF4-472A-B98B-A2BD220F2F08}.Release|Any CPU.Build.0 = Release|Any CPU
		{EF472CCF-33EE-42CC-8107-7B4389E837EF}.Debug|Any CPU.ActiveCfg = Debug|Any CPU
		{EF472CCF-33EE-42CC-8107-7B4389E837EF}.Debug|Any CPU.Build.0 = Debug|Any CPU
		{EF472CCF-33EE-42CC-8107-7B4389E837EF}.Release|Any CPU.ActiveCfg = Release|Any CPU
		{EF472CCF-33EE-42CC-8107-7B4389E837EF}.Release|Any CPU.Build.0 = Release|Any CPU
	EndGlobalSection
	GlobalSection(SolutionProperties) = preSolution
		HideSolutionNode = FALSE
	EndGlobalSection
	GlobalSection(ExtensibilityGlobals) = postSolution
		SolutionGuid = {24641ACF-0BD3-491B-8AEE-D04455AB3B21}
	EndGlobalSection
EndGlobal
